// !$*UTF8*$!
{
	archiveVersion = 1;
	classes = {
	};
	objectVersion = 56;
	objects = {

/* Begin PBXBuildFile section */
		9218B3B62B1CDFCD00634C00 /* AboutAppViewController.swift in Sources */ = {isa = PBXBuildFile; fileRef = 9218B3B52B1CDFCD00634C00 /* AboutAppViewController.swift */; };
		9218B3B82B1CF1A000634C00 /* launch.json in Resources */ = {isa = PBXBuildFile; fileRef = 9218B3B72B1CF1A000634C00 /* launch.json */; };
		923C747F2B1B216900D96504 /* QuizViewController.swift in Sources */ = {isa = PBXBuildFile; fileRef = 923C747E2B1B216900D96504 /* QuizViewController.swift */; };
		923C74852B1B47C300D96504 /* topics.json in Resources */ = {isa = PBXBuildFile; fileRef = 923C74822B1B41D400D96504 /* topics.json */; };
		923C74952B1B62AA00D96504 /* TabViewController.swift in Sources */ = {isa = PBXBuildFile; fileRef = 923C74942B1B62AA00D96504 /* TabViewController.swift */; };
		923C74972B1B65D200D96504 /* SettingsViewController.swift in Sources */ = {isa = PBXBuildFile; fileRef = 923C74962B1B65D200D96504 /* SettingsViewController.swift */; };
		923C749A2B1B6B5800D96504 /* Topic.swift in Sources */ = {isa = PBXBuildFile; fileRef = 923C74992B1B6B5800D96504 /* Topic.swift */; };
		923C74A32B1BCD8200D96504 /* quiz_data.json in Resources */ = {isa = PBXBuildFile; fileRef = 923C74A22B1BCD8200D96504 /* quiz_data.json */; };
		923C74A52B1BCDA200D96504 /* QuizResultViewController.swift in Sources */ = {isa = PBXBuildFile; fileRef = 923C74A42B1BCDA200D96504 /* QuizResultViewController.swift */; };
		923C74A72B1BD51100D96504 /* QuizQuestionViewViewController.swift in Sources */ = {isa = PBXBuildFile; fileRef = 923C74A62B1BD51100D96504 /* QuizQuestionViewViewController.swift */; };
		927D87F72B1A16A200883567 /* Core.swift in Sources */ = {isa = PBXBuildFile; fileRef = 927D87F62B1A16A200883567 /* Core.swift */; };
		927D88012B1A6CCA00883567 /* MainViewController.swift in Sources */ = {isa = PBXBuildFile; fileRef = 927D88002B1A6CCA00883567 /* MainViewController.swift */; };
		927D88032B1A81DC00883567 /* StorageManager.swift in Sources */ = {isa = PBXBuildFile; fileRef = 927D88022B1A81DC00883567 /* StorageManager.swift */; };
		92C7BBE12B1A159800E1902E /* AppDelegate.swift in Sources */ = {isa = PBXBuildFile; fileRef = 92C7BBE02B1A159800E1902E /* AppDelegate.swift */; };
		92C7BBE32B1A159800E1902E /* SceneDelegate.swift in Sources */ = {isa = PBXBuildFile; fileRef = 92C7BBE22B1A159800E1902E /* SceneDelegate.swift */; };
		92C7BBE52B1A159800E1902E /* YourNameViewController.swift in Sources */ = {isa = PBXBuildFile; fileRef = 92C7BBE42B1A159800E1902E /* YourNameViewController.swift */; };
		92C7BBEA2B1A159A00E1902E /* Assets.xcassets in Resources */ = {isa = PBXBuildFile; fileRef = 92C7BBE92B1A159A00E1902E /* Assets.xcassets */; };
		92C7BBED2B1A159A00E1902E /* LaunchScreen.storyboard in Resources */ = {isa = PBXBuildFile; fileRef = 92C7BBEB2B1A159A00E1902E /* LaunchScreen.storyboard */; };
/* End PBXBuildFile section */

/* Begin PBXFileReference section */
		9218B3B52B1CDFCD00634C00 /* AboutAppViewController.swift */ = {isa = PBXFileReference; lastKnownFileType = sourcecode.swift; path = AboutAppViewController.swift; sourceTree = "<group>"; };
		9218B3B72B1CF1A000634C00 /* launch.json */ = {isa = PBXFileReference; fileEncoding = 4; lastKnownFileType = text.json; path = launch.json; sourceTree = "<group>"; };
		923C747E2B1B216900D96504 /* QuizViewController.swift */ = {isa = PBXFileReference; lastKnownFileType = sourcecode.swift; path = QuizViewController.swift; sourceTree = "<group>"; };
		923C74822B1B41D400D96504 /* topics.json */ = {isa = PBXFileReference; lastKnownFileType = text.json; path = topics.json; sourceTree = "<group>"; };
		923C74942B1B62AA00D96504 /* TabViewController.swift */ = {isa = PBXFileReference; lastKnownFileType = sourcecode.swift; path = TabViewController.swift; sourceTree = "<group>"; };
		923C74962B1B65D200D96504 /* SettingsViewController.swift */ = {isa = PBXFileReference; lastKnownFileType = sourcecode.swift; path = SettingsViewController.swift; sourceTree = "<group>"; };
		923C74992B1B6B5800D96504 /* Topic.swift */ = {isa = PBXFileReference; lastKnownFileType = sourcecode.swift; path = Topic.swift; sourceTree = "<group>"; };
		923C74A22B1BCD8200D96504 /* quiz_data.json */ = {isa = PBXFileReference; lastKnownFileType = text.json; path = quiz_data.json; sourceTree = "<group>"; };
		923C74A42B1BCDA200D96504 /* QuizResultViewController.swift */ = {isa = PBXFileReference; lastKnownFileType = sourcecode.swift; path = QuizResultViewController.swift; sourceTree = "<group>"; };
		923C74A62B1BD51100D96504 /* QuizQuestionViewViewController.swift */ = {isa = PBXFileReference; lastKnownFileType = sourcecode.swift; path = QuizQuestionViewViewController.swift; sourceTree = "<group>"; };
		927D87F62B1A16A200883567 /* Core.swift */ = {isa = PBXFileReference; lastKnownFileType = sourcecode.swift; path = Core.swift; sourceTree = "<group>"; };
		927D88002B1A6CCA00883567 /* MainViewController.swift */ = {isa = PBXFileReference; lastKnownFileType = sourcecode.swift; path = MainViewController.swift; sourceTree = "<group>"; };
		927D88022B1A81DC00883567 /* StorageManager.swift */ = {isa = PBXFileReference; lastKnownFileType = sourcecode.swift; path = StorageManager.swift; sourceTree = "<group>"; };
		92C7BBDD2B1A159800E1902E /* SpaceWiz1.app */ = {isa = PBXFileReference; explicitFileType = wrapper.application; includeInIndex = 0; path = SpaceWiz1.app; sourceTree = BUILT_PRODUCTS_DIR; };
		92C7BBE02B1A159800E1902E /* AppDelegate.swift */ = {isa = PBXFileReference; lastKnownFileType = sourcecode.swift; path = AppDelegate.swift; sourceTree = "<group>"; };
		92C7BBE22B1A159800E1902E /* SceneDelegate.swift */ = {isa = PBXFileReference; lastKnownFileType = sourcecode.swift; path = SceneDelegate.swift; sourceTree = "<group>"; };
		92C7BBE42B1A159800E1902E /* YourNameViewController.swift */ = {isa = PBXFileReference; lastKnownFileType = sourcecode.swift; path = YourNameViewController.swift; sourceTree = "<group>"; };
		92C7BBE92B1A159A00E1902E /* Assets.xcassets */ = {isa = PBXFileReference; lastKnownFileType = folder.assetcatalog; path = Assets.xcassets; sourceTree = "<group>"; };
		92C7BBEC2B1A159A00E1902E /* Base */ = {isa = PBXFileReference; lastKnownFileType = file.storyboard; name = Base; path = Base.lproj/LaunchScreen.storyboard; sourceTree = "<group>"; };
		92C7BBEE2B1A159A00E1902E /* Info.plist */ = {isa = PBXFileReference; lastKnownFileType = text.plist.xml; path = Info.plist; sourceTree = "<group>"; };
/* End PBXFileReference section */

/* Begin PBXFrameworksBuildPhase section */
		92C7BBDA2B1A159800E1902E /* Frameworks */ = {
			isa = PBXFrameworksBuildPhase;
			buildActionMask = 2147483647;
			files = (
			);
			runOnlyForDeploymentPostprocessing = 0;
		};
/* End PBXFrameworksBuildPhase section */

/* Begin PBXGroup section */
		923C747A2B1B1F8E00D96504 /* Support */ = {
			isa = PBXGroup;
			children = (
				92C7BBE02B1A159800E1902E /* AppDelegate.swift */,
				92C7BBE22B1A159800E1902E /* SceneDelegate.swift */,
			);
			path = Support;
			sourceTree = "<group>";
		};
		923C747D2B1B1FBA00D96504 /* Storage */ = {
			isa = PBXGroup;
			children = (
				927D88022B1A81DC00883567 /* StorageManager.swift */,
				927D87F62B1A16A200883567 /* Core.swift */,
			);
			path = Storage;
			sourceTree = "<group>";
		};
		923C74982B1B6B4400D96504 /* Controllers */ = {
			isa = PBXGroup;
			children = (
				923C74942B1B62AA00D96504 /* TabViewController.swift */,
				927D88002B1A6CCA00883567 /* MainViewController.swift */,
				923C747E2B1B216900D96504 /* QuizViewController.swift */,
				923C74962B1B65D200D96504 /* SettingsViewController.swift */,
				923C74A62B1BD51100D96504 /* QuizQuestionViewViewController.swift */,
				923C74A42B1BCDA200D96504 /* QuizResultViewController.swift */,
				9218B3B52B1CDFCD00634C00 /* AboutAppViewController.swift */,
				923C749B2B1B743700D96504 /* welcome vc */,
			);
			path = Controllers;
			sourceTree = "<group>";
		};
		923C749B2B1B743700D96504 /* welcome vc */ = {
			isa = PBXGroup;
			children = (
				92C7BBE42B1A159800E1902E /* YourNameViewController.swift */,
			);
			path = "welcome vc";
			sourceTree = "<group>";
		};
		92C7BBD42B1A159800E1902E = {
			isa = PBXGroup;
			children = (
				92C7BBDF2B1A159800E1902E /* SpaceWiz1 */,
				92C7BBDE2B1A159800E1902E /* Products */,
			);
			sourceTree = "<group>";
		};
		92C7BBDE2B1A159800E1902E /* Products */ = {
			isa = PBXGroup;
			children = (
				92C7BBDD2B1A159800E1902E /* SpaceWiz1.app */,
			);
			name = Products;
			sourceTree = "<group>";
		};
		92C7BBDF2B1A159800E1902E /* SpaceWiz1 */ = {
			isa = PBXGroup;
			children = (
				923C74982B1B6B4400D96504 /* Controllers */,
				923C747D2B1B1FBA00D96504 /* Storage */,
				923C747A2B1B1F8E00D96504 /* Support */,
				92C7BBE92B1A159A00E1902E /* Assets.xcassets */,
				92C7BBEB2B1A159A00E1902E /* LaunchScreen.storyboard */,
				92C7BBEE2B1A159A00E1902E /* Info.plist */,
				923C74992B1B6B5800D96504 /* Topic.swift */,
				923C74822B1B41D400D96504 /* topics.json */,
				923C74A22B1BCD8200D96504 /* quiz_data.json */,
				9218B3B72B1CF1A000634C00 /* launch.json */,
			);
			path = SpaceWiz1;
			sourceTree = "<group>";
		};
/* End PBXGroup section */

/* Begin PBXNativeTarget section */
		92C7BBDC2B1A159800E1902E /* SpaceWiz1 */ = {
			isa = PBXNativeTarget;
			buildConfigurationList = 92C7BBF12B1A159A00E1902E /* Build configuration list for PBXNativeTarget "SpaceWiz1" */;
			buildPhases = (
				92C7BBD92B1A159800E1902E /* Sources */,
				92C7BBDA2B1A159800E1902E /* Frameworks */,
				92C7BBDB2B1A159800E1902E /* Resources */,
			);
			buildRules = (
			);
			dependencies = (
			);
			name = SpaceWiz1;
			productName = SpaceWiz1;
			productReference = 92C7BBDD2B1A159800E1902E /* SpaceWiz1.app */;
			productType = "com.apple.product-type.application";
		};
/* End PBXNativeTarget section */

/* Begin PBXProject section */
		92C7BBD52B1A159800E1902E /* Project object */ = {
			isa = PBXProject;
			attributes = {
				BuildIndependentTargetsInParallel = 1;
				LastSwiftUpdateCheck = 1500;
				LastUpgradeCheck = 1500;
				TargetAttributes = {
					92C7BBDC2B1A159800E1902E = {
						CreatedOnToolsVersion = 15.0;
					};
				};
			};
			buildConfigurationList = 92C7BBD82B1A159800E1902E /* Build configuration list for PBXProject "SpaceWiz1" */;
			compatibilityVersion = "Xcode 14.0";
			developmentRegion = en;
			hasScannedForEncodings = 0;
			knownRegions = (
				en,
				Base,
			);
			mainGroup = 92C7BBD42B1A159800E1902E;
			productRefGroup = 92C7BBDE2B1A159800E1902E /* Products */;
			projectDirPath = "";
			projectRoot = "";
			targets = (
				92C7BBDC2B1A159800E1902E /* SpaceWiz1 */,
			);
		};
/* End PBXProject section */

/* Begin PBXResourcesBuildPhase section */
		92C7BBDB2B1A159800E1902E /* Resources */ = {
			isa = PBXResourcesBuildPhase;
			buildActionMask = 2147483647;
			files = (
				923C74A32B1BCD8200D96504 /* quiz_data.json in Resources */,
				92C7BBED2B1A159A00E1902E /* LaunchScreen.storyboard in Resources */,
				923C74852B1B47C300D96504 /* topics.json in Resources */,
				9218B3B82B1CF1A000634C00 /* launch.json in Resources */,
				92C7BBEA2B1A159A00E1902E /* Assets.xcassets in Resources */,
			);
			runOnlyForDeploymentPostprocessing = 0;
		};
/* End PBXResourcesBuildPhase section */

/* Begin PBXSourcesBuildPhase section */
		92C7BBD92B1A159800E1902E /* Sources */ = {
			isa = PBXSourcesBuildPhase;
			buildActionMask = 2147483647;
			files = (
				923C74952B1B62AA00D96504 /* TabViewController.swift in Sources */,
				9218B3B62B1CDFCD00634C00 /* AboutAppViewController.swift in Sources */,
				923C749A2B1B6B5800D96504 /* Topic.swift in Sources */,
				92C7BBE52B1A159800E1902E /* YourNameViewController.swift in Sources */,
				92C7BBE12B1A159800E1902E /* AppDelegate.swift in Sources */,
				927D87F72B1A16A200883567 /* Core.swift in Sources */,
				923C747F2B1B216900D96504 /* QuizViewController.swift in Sources */,
				927D88032B1A81DC00883567 /* StorageManager.swift in Sources */,
				923C74A52B1BCDA200D96504 /* QuizResultViewController.swift in Sources */,
				92C7BBE32B1A159800E1902E /* SceneDelegate.swift in Sources */,
				927D88012B1A6CCA00883567 /* MainViewController.swift in Sources */,
				923C74A72B1BD51100D96504 /* QuizQuestionViewViewController.swift in Sources */,
				923C74972B1B65D200D96504 /* SettingsViewController.swift in Sources */,
			);
			runOnlyForDeploymentPostprocessing = 0;
		};
/* End PBXSourcesBuildPhase section */

/* Begin PBXVariantGroup section */
		92C7BBEB2B1A159A00E1902E /* LaunchScreen.storyboard */ = {
			isa = PBXVariantGroup;
			children = (
				92C7BBEC2B1A159A00E1902E /* Base */,
			);
			name = LaunchScreen.storyboard;
			sourceTree = "<group>";
		};
/* End PBXVariantGroup section */

/* Begin XCBuildConfiguration section */
		92C7BBEF2B1A159A00E1902E /* Debug */ = {
			isa = XCBuildConfiguration;
			buildSettings = {
				ALWAYS_SEARCH_USER_PATHS = NO;
				ASSETCATALOG_COMPILER_GENERATE_SWIFT_ASSET_SYMBOL_EXTENSIONS = YES;
				CLANG_ANALYZER_NONNULL = YES;
				CLANG_ANALYZER_NUMBER_OBJECT_CONVERSION = YES_AGGRESSIVE;
				CLANG_CXX_LANGUAGE_STANDARD = "gnu++20";
				CLANG_ENABLE_MODULES = YES;
				CLANG_ENABLE_OBJC_ARC = YES;
				CLANG_ENABLE_OBJC_WEAK = YES;
				CLANG_WARN_BLOCK_CAPTURE_AUTORELEASING = YES;
				CLANG_WARN_BOOL_CONVERSION = YES;
				CLANG_WARN_COMMA = YES;
				CLANG_WARN_CONSTANT_CONVERSION = YES;
				CLANG_WARN_DEPRECATED_OBJC_IMPLEMENTATIONS = YES;
				CLANG_WARN_DIRECT_OBJC_ISA_USAGE = YES_ERROR;
				CLANG_WARN_DOCUMENTATION_COMMENTS = YES;
				CLANG_WARN_EMPTY_BODY = YES;
				CLANG_WARN_ENUM_CONVERSION = YES;
				CLANG_WARN_INFINITE_RECURSION = YES;
				CLANG_WARN_INT_CONVERSION = YES;
				CLANG_WARN_NON_LITERAL_NULL_CONVERSION = YES;
				CLANG_WARN_OBJC_IMPLICIT_RETAIN_SELF = YES;
				CLANG_WARN_OBJC_LITERAL_CONVERSION = YES;
				CLANG_WARN_OBJC_ROOT_CLASS = YES_ERROR;
				CLANG_WARN_QUOTED_INCLUDE_IN_FRAMEWORK_HEADER = YES;
				CLANG_WARN_RANGE_LOOP_ANALYSIS = YES;
				CLANG_WARN_STRICT_PROTOTYPES = YES;
				CLANG_WARN_SUSPICIOUS_MOVE = YES;
				CLANG_WARN_UNGUARDED_AVAILABILITY = YES_AGGRESSIVE;
				CLANG_WARN_UNREACHABLE_CODE = YES;
				CLANG_WARN__DUPLICATE_METHOD_MATCH = YES;
				COPY_PHASE_STRIP = NO;
				DEBUG_INFORMATION_FORMAT = dwarf;
				ENABLE_STRICT_OBJC_MSGSEND = YES;
				ENABLE_TESTABILITY = YES;
				ENABLE_USER_SCRIPT_SANDBOXING = YES;
				GCC_C_LANGUAGE_STANDARD = gnu17;
				GCC_DYNAMIC_NO_PIC = NO;
				GCC_NO_COMMON_BLOCKS = YES;
				GCC_OPTIMIZATION_LEVEL = 0;
				GCC_PREPROCESSOR_DEFINITIONS = (
					"DEBUG=1",
					"$(inherited)",
				);
				GCC_WARN_64_TO_32_BIT_CONVERSION = YES;
				GCC_WARN_ABOUT_RETURN_TYPE = YES_ERROR;
				GCC_WARN_UNDECLARED_SELECTOR = YES;
				GCC_WARN_UNINITIALIZED_AUTOS = YES_AGGRESSIVE;
				GCC_WARN_UNUSED_FUNCTION = YES;
				GCC_WARN_UNUSED_VARIABLE = YES;
				IPHONEOS_DEPLOYMENT_TARGET = 12.0;
				LOCALIZATION_PREFERS_STRING_CATALOGS = YES;
				MTL_ENABLE_DEBUG_INFO = INCLUDE_SOURCE;
				MTL_FAST_MATH = YES;
				ONLY_ACTIVE_ARCH = YES;
				SDKROOT = iphoneos;
				SWIFT_ACTIVE_COMPILATION_CONDITIONS = "DEBUG $(inherited)";
				SWIFT_OPTIMIZATION_LEVEL = "-Onone";
			};
			name = Debug;
		};
		92C7BBF02B1A159A00E1902E /* Release */ = {
			isa = XCBuildConfiguration;
			buildSettings = {
				ALWAYS_SEARCH_USER_PATHS = NO;
				ASSETCATALOG_COMPILER_GENERATE_SWIFT_ASSET_SYMBOL_EXTENSIONS = YES;
				CLANG_ANALYZER_NONNULL = YES;
				CLANG_ANALYZER_NUMBER_OBJECT_CONVERSION = YES_AGGRESSIVE;
				CLANG_CXX_LANGUAGE_STANDARD = "gnu++20";
				CLANG_ENABLE_MODULES = YES;
				CLANG_ENABLE_OBJC_ARC = YES;
				CLANG_ENABLE_OBJC_WEAK = YES;
				CLANG_WARN_BLOCK_CAPTURE_AUTORELEASING = YES;
				CLANG_WARN_BOOL_CONVERSION = YES;
				CLANG_WARN_COMMA = YES;
				CLANG_WARN_CONSTANT_CONVERSION = YES;
				CLANG_WARN_DEPRECATED_OBJC_IMPLEMENTATIONS = YES;
				CLANG_WARN_DIRECT_OBJC_ISA_USAGE = YES_ERROR;
				CLANG_WARN_DOCUMENTATION_COMMENTS = YES;
				CLANG_WARN_EMPTY_BODY = YES;
				CLANG_WARN_ENUM_CONVERSION = YES;
				CLANG_WARN_INFINITE_RECURSION = YES;
				CLANG_WARN_INT_CONVERSION = YES;
				CLANG_WARN_NON_LITERAL_NULL_CONVERSION = YES;
				CLANG_WARN_OBJC_IMPLICIT_RETAIN_SELF = YES;
				CLANG_WARN_OBJC_LITERAL_CONVERSION = YES;
				CLANG_WARN_OBJC_ROOT_CLASS = YES_ERROR;
				CLANG_WARN_QUOTED_INCLUDE_IN_FRAMEWORK_HEADER = YES;
				CLANG_WARN_RANGE_LOOP_ANALYSIS = YES;
				CLANG_WARN_STRICT_PROTOTYPES = YES;
				CLANG_WARN_SUSPICIOUS_MOVE = YES;
				CLANG_WARN_UNGUARDED_AVAILABILITY = YES_AGGRESSIVE;
				CLANG_WARN_UNREACHABLE_CODE = YES;
				CLANG_WARN__DUPLICATE_METHOD_MATCH = YES;
				COPY_PHASE_STRIP = NO;
				DEBUG_INFORMATION_FORMAT = "dwarf-with-dsym";
				ENABLE_NS_ASSERTIONS = NO;
				ENABLE_STRICT_OBJC_MSGSEND = YES;
				ENABLE_USER_SCRIPT_SANDBOXING = YES;
				GCC_C_LANGUAGE_STANDARD = gnu17;
				GCC_NO_COMMON_BLOCKS = YES;
				GCC_WARN_64_TO_32_BIT_CONVERSION = YES;
				GCC_WARN_ABOUT_RETURN_TYPE = YES_ERROR;
				GCC_WARN_UNDECLARED_SELECTOR = YES;
				GCC_WARN_UNINITIALIZED_AUTOS = YES_AGGRESSIVE;
				GCC_WARN_UNUSED_FUNCTION = YES;
				GCC_WARN_UNUSED_VARIABLE = YES;
				IPHONEOS_DEPLOYMENT_TARGET = 12.0;
				LOCALIZATION_PREFERS_STRING_CATALOGS = YES;
				MTL_ENABLE_DEBUG_INFO = NO;
				MTL_FAST_MATH = YES;
				SDKROOT = iphoneos;
				SWIFT_COMPILATION_MODE = wholemodule;
				VALIDATE_PRODUCT = YES;
			};
			name = Release;
		};
		92C7BBF22B1A159A00E1902E /* Debug */ = {
			isa = XCBuildConfiguration;
			buildSettings = {
				ASSETCATALOG_COMPILER_APPICON_NAME = AppIcon;
				ASSETCATALOG_COMPILER_GLOBAL_ACCENT_COLOR_NAME = AccentColor;
				CODE_SIGN_STYLE = Automatic;
				CURRENT_PROJECT_VERSION = 1;
				DEVELOPMENT_TEAM = L64DM58658;
				GENERATE_INFOPLIST_FILE = YES;
				INFOPLIST_FILE = SpaceWiz1/Info.plist;
				INFOPLIST_KEY_CFBundleDisplayName = Spacewiz;
				INFOPLIST_KEY_LSApplicationCategoryType = "public.app-category.education";
				INFOPLIST_KEY_UIApplicationSupportsIndirectInputEvents = YES;
				INFOPLIST_KEY_UILaunchStoryboardName = LaunchScreen;
				INFOPLIST_KEY_UISupportedInterfaceOrientations = UIInterfaceOrientationPortrait;
				IPHONEOS_DEPLOYMENT_TARGET = 12.0;
				LD_RUNPATH_SEARCH_PATHS = (
					"$(inherited)",
					"@executable_path/Frameworks",
				);
				MARKETING_VERSION = 1.0;
				PRODUCT_BUNDLE_IDENTIFIER = relwas.SpaceWiz1;
				PRODUCT_NAME = "$(TARGET_NAME)";
				SUPPORTED_PLATFORMS = "iphoneos iphonesimulator";
				SUPPORTS_MACCATALYST = NO;
				SUPPORTS_MAC_DESIGNED_FOR_IPHONE_IPAD = NO;
				SWIFT_EMIT_LOC_STRINGS = YES;
				SWIFT_VERSION = 5.0;
				TARGETED_DEVICE_FAMILY = "1,2";
			};
			name = Debug;
		};
		92C7BBF32B1A159A00E1902E /* Release */ = {
			isa = XCBuildConfiguration;
			buildSettings = {
				ASSETCATALOG_COMPILER_APPICON_NAME = AppIcon;
				ASSETCATALOG_COMPILER_GLOBAL_ACCENT_COLOR_NAME = AccentColor;
				CODE_SIGN_STYLE = Automatic;
				CURRENT_PROJECT_VERSION = 1;
				DEVELOPMENT_TEAM = L64DM58658;
				GENERATE_INFOPLIST_FILE = YES;
				INFOPLIST_FILE = SpaceWiz1/Info.plist;
				INFOPLIST_KEY_CFBundleDisplayName = Spacewiz;
				INFOPLIST_KEY_LSApplicationCategoryType = "public.app-category.education";
				INFOPLIST_KEY_UIApplicationSupportsIndirectInputEvents = YES;
				INFOPLIST_KEY_UILaunchStoryboardName = LaunchScreen;
				INFOPLIST_KEY_UISupportedInterfaceOrientations = UIInterfaceOrientationPortrait;
				IPHONEOS_DEPLOYMENT_TARGET = 12.0;
				LD_RUNPATH_SEARCH_PATHS = (
					"$(inherited)",
					"@executable_path/Frameworks",
				);
				MARKETING_VERSION = 1.0;
				PRODUCT_BUNDLE_IDENTIFIER = relwas.SpaceWiz1;
				PRODUCT_NAME = "$(TARGET_NAME)";
				SUPPORTED_PLATFORMS = "iphoneos iphonesimulator";
				SUPPORTS_MACCATALYST = NO;
				SUPPORTS_MAC_DESIGNED_FOR_IPHONE_IPAD = NO;
				SWIFT_EMIT_LOC_STRINGS = YES;
				SWIFT_VERSION = 5.0;
				TARGETED_DEVICE_FAMILY = "1,2";
			};
			name = Release;
		};
/* End XCBuildConfiguration section */

/* Begin XCConfigurationList section */
		92C7BBD82B1A159800E1902E /* Build configuration list for PBXProject "SpaceWiz1" */ = {
			isa = XCConfigurationList;
			buildConfigurations = (
				92C7BBEF2B1A159A00E1902E /* Debug */,
				92C7BBF02B1A159A00E1902E /* Release */,
			);
			defaultConfigurationIsVisible = 0;
			defaultConfigurationName = Release;
		};
		92C7BBF12B1A159A00E1902E /* Build configuration list for PBXNativeTarget "SpaceWiz1" */ = {
			isa = XCConfigurationList;
			buildConfigurations = (
				92C7BBF22B1A159A00E1902E /* Debug */,
				92C7BBF32B1A159A00E1902E /* Release */,
			);
			defaultConfigurationIsVisible = 0;
			defaultConfigurationName = Release;
		};
/* End XCConfigurationList section */
	};
	rootObject = 92C7BBD52B1A159800E1902E /* Project object */;
}
